# This file is @generated by PDM.
# It is not intended for manual editing.

[[package]]
name = "annotated-types"
version = "0.5.0"
requires_python = ">=3.7"
summary = "Reusable constraint types to use with typing.Annotated"

[[package]]
name = "anyio"
version = "3.7.1"
requires_python = ">=3.7"
summary = "High level compatibility layer for multiple asynchronous event loop implementations"
dependencies = [
    "exceptiongroup; python_version < \"3.11\"",
    "idna>=2.8",
    "sniffio>=1.1",
]

[[package]]
name = "certifi"
version = "2023.7.22"
requires_python = ">=3.6"
summary = "Python package for providing Mozilla's CA Bundle."

[[package]]
name = "click"
version = "8.1.6"
requires_python = ">=3.7"
summary = "Composable command line interface toolkit"
dependencies = [
    "colorama; platform_system == \"Windows\"",
]

[[package]]
name = "colorama"
version = "0.4.6"
requires_python = "!=3.0.*,!=3.1.*,!=3.2.*,!=3.3.*,!=3.4.*,!=3.5.*,!=3.6.*,>=2.7"
summary = "Cross-platform colored terminal text."

[[package]]
name = "elasticsearch"
version = "7.12.1"
requires_python = ">=2.7, !=3.0.*, !=3.1.*, !=3.2.*, !=3.3.*, <4"
summary = "Python client for Elasticsearch"
dependencies = [
    "certifi",
    "urllib3<2,>=1.21.1",
]

[[package]]
name = "exceptiongroup"
version = "1.1.2"
requires_python = ">=3.7"
summary = "Backport of PEP 654 (exception groups)"

[[package]]
name = "fastapi"
version = "0.101.0"
requires_python = ">=3.7"
summary = "FastAPI framework, high performance, easy to learn, fast to code, ready for production"
dependencies = [
    "pydantic!=1.8,!=1.8.1,!=2.0.0,!=2.0.1,!=2.1.0,<3.0.0,>=1.7.4",
    "starlette<0.28.0,>=0.27.0",
    "typing-extensions>=4.5.0",
]

[[package]]
name = "fastapi"
version = "0.101.0"
extras = ["uvcorn"]
requires_python = ">=3.7"
summary = "FastAPI framework, high performance, easy to learn, fast to code, ready for production"
dependencies = [
    "fastapi==0.101.0",
]

[[package]]
name = "h11"
version = "0.14.0"
requires_python = ">=3.7"
summary = "A pure-Python, bring-your-own-I/O implementation of HTTP/1.1"

[[package]]
name = "idna"
version = "3.4"
requires_python = ">=3.5"
summary = "Internationalized Domain Names in Applications (IDNA)"

[[package]]
name = "pydantic"
version = "2.1.1"
requires_python = ">=3.7"
summary = "Data validation using Python type hints"
dependencies = [
    "annotated-types>=0.4.0",
    "pydantic-core==2.4.0",
    "typing-extensions>=4.6.1",
]

[[package]]
name = "pydantic-core"
version = "2.4.0"
requires_python = ">=3.7"
summary = ""
dependencies = [
    "typing-extensions!=4.7.0,>=4.6.0",
]

[[package]]
name = "sniffio"
version = "1.3.0"
requires_python = ">=3.7"
summary = "Sniff out which async library your code is running under"

[[package]]
name = "starlette"
version = "0.27.0"
requires_python = ">=3.7"
summary = "The little ASGI library that shines."
dependencies = [
    "anyio<5,>=3.4.0",
]

[[package]]
name = "typing-extensions"
version = "4.7.1"
requires_python = ">=3.7"
summary = "Backported and Experimental Type Hints for Python 3.7+"

[[package]]
name = "urllib3"
version = "1.26.16"
requires_python = ">=2.7, !=3.0.*, !=3.1.*, !=3.2.*, !=3.3.*, !=3.4.*, !=3.5.*"
summary = "HTTP library with thread-safe connection pooling, file post, and more."

[[package]]
name = "uvicorn"
version = "0.23.2"
requires_python = ">=3.8"
summary = "The lightning-fast ASGI server."
dependencies = [
    "click>=7.0",
    "h11>=0.8",
    "typing-extensions>=4.0; python_version < \"3.11\"",
]

[[package]]
name = "uvloop"
version = "0.17.0"
requires_python = ">=3.7"
summary = "Fast implementation of asyncio event loop on top of libuv"

[metadata]
lock_version = "4.1"
content_hash = "sha256:f1d86a8161182a56d29fd6d3dfb8ab12bd99cbcf8ea64b17f4f12ade537732c7"

[metadata.files]
"annotated-types 0.5.0" = [
    {url = "https://pypi.tuna.tsinghua.edu.cn/packages/42/97/41ccb6acac36fdd13592a686a21b311418f786f519e5794b957afbcea938/annotated_types-0.5.0.tar.gz", hash = "sha256:47cdc3490d9ac1506ce92c7aaa76c579dc3509ff11e098fc867e5130ab7be802"},
    {url = "https://pypi.tuna.tsinghua.edu.cn/packages/d8/f0/a2ee543a96cc624c35a9086f39b1ed2aa403c6d355dfe47a11ee5c64a164/annotated_types-0.5.0-py3-none-any.whl", hash = "sha256:58da39888f92c276ad970249761ebea80ba544b77acddaa1a4d6cf78287d45fd"},
]
"anyio 3.7.1" = [
    {url = "https://pypi.tuna.tsinghua.edu.cn/packages/19/24/44299477fe7dcc9cb58d0a57d5a7588d6af2ff403fdd2d47a246c91a3246/anyio-3.7.1-py3-none-any.whl", hash = "sha256:91dee416e570e92c64041bd18b900d1d6fa78dff7048769ce5ac5ddad004fbb5"},
    {url = "https://pypi.tuna.tsinghua.edu.cn/packages/28/99/2dfd53fd55ce9838e6ff2d4dac20ce58263798bd1a0dbe18b3a9af3fcfce/anyio-3.7.1.tar.gz", hash = "sha256:44a3c9aba0f5defa43261a8b3efb97891f2bd7d804e0e1f56419befa1adfc780"},
]
"certifi 2023.7.22" = [
    {url = "https://pypi.tuna.tsinghua.edu.cn/packages/4c/dd/2234eab22353ffc7d94e8d13177aaa050113286e93e7b40eae01fbf7c3d9/certifi-2023.7.22-py3-none-any.whl", hash = "sha256:92d6037539857d8206b8f6ae472e8b77db8058fec5937a1ef3f54304089edbb9"},
    {url = "https://pypi.tuna.tsinghua.edu.cn/packages/98/98/c2ff18671db109c9f10ed27f5ef610ae05b73bd876664139cf95bd1429aa/certifi-2023.7.22.tar.gz", hash = "sha256:539cc1d13202e33ca466e88b2807e29f4c13049d6d87031a3c110744495cb082"},
]
"click 8.1.6" = [
    {url = "https://pypi.tuna.tsinghua.edu.cn/packages/1a/70/e63223f8116931d365993d4a6b7ef653a4d920b41d03de7c59499962821f/click-8.1.6-py3-none-any.whl", hash = "sha256:fa244bb30b3b5ee2cae3da8f55c9e5e0c0e86093306301fb418eb9dc40fbded5"},
    {url = "https://pypi.tuna.tsinghua.edu.cn/packages/72/bd/fedc277e7351917b6c4e0ac751853a97af261278a4c7808babafa8ef2120/click-8.1.6.tar.gz", hash = "sha256:48ee849951919527a045bfe3bf7baa8a959c423134e1a5b98c05c20ba75a1cbd"},
]
"colorama 0.4.6" = [
    {url = "https://pypi.tuna.tsinghua.edu.cn/packages/d1/d6/3965ed04c63042e047cb6a3e6ed1a63a35087b6a609aa3a15ed8ac56c221/colorama-0.4.6-py2.py3-none-any.whl", hash = "sha256:4f1d9991f5acc0ca119f9d443620b77f9d6b33703e51011c16baf57afb285fc6"},
    {url = "https://pypi.tuna.tsinghua.edu.cn/packages/d8/53/6f443c9a4a8358a93a6792e2acffb9d9d5cb0a5cfd8802644b7b1c9a02e4/colorama-0.4.6.tar.gz", hash = "sha256:08695f5cb7ed6e0531a20572697297273c47b8cae5a63ffc6d6ed5c201be6e44"},
]
"elasticsearch 7.12.1" = [
    {url = "https://pypi.tuna.tsinghua.edu.cn/packages/8f/5c/60a32dfc24da07703b5b32d9935bcc36786a9176e67117c4b6215fd6d914/elasticsearch-7.12.1-py2.py3-none-any.whl", hash = "sha256:1840fea8c305224b8c28acabc8697f739cdfb03618f2d2427b42838971a787f6"},
    {url = "https://pypi.tuna.tsinghua.edu.cn/packages/de/c2/56323ae3cd70a354c057677188f2add97260258aff1d6e932940e65eaa24/elasticsearch-7.12.1.tar.gz", hash = "sha256:df35d8c638f946f098a74681b18611bdf27ba469fa2063e3dfc8bdc290b11419"},
]
"exceptiongroup 1.1.2" = [
    {url = "https://pypi.tuna.tsinghua.edu.cn/packages/55/09/5d2079ecab0ca483e527a1707a483562bdc17abf829d3e73f0c1a73b61c7/exceptiongroup-1.1.2.tar.gz", hash = "sha256:12c3e887d6485d16943a309616de20ae5582633e0a2eda17f4e10fd61c1e8af5"},
    {url = "https://pypi.tuna.tsinghua.edu.cn/packages/fe/17/f43b7c9ccf399d72038042ee72785c305f6c6fdc6231942f8ab99d995742/exceptiongroup-1.1.2-py3-none-any.whl", hash = "sha256:e346e69d186172ca7cf029c8c1d16235aa0e04035e5750b4b95039e65204328f"},
]
"fastapi 0.101.0" = [
    {url = "https://pypi.tuna.tsinghua.edu.cn/packages/4c/d3/fe8b589c67422f058923ceecf22bff7357b85f1cbe33c263d1999bff9c9f/fastapi-0.101.0.tar.gz", hash = "sha256:ca2ae65fe42f6a34b5cf6c994337149154b1b400c39809d7b2dccdceb5ae77af"},
    {url = "https://pypi.tuna.tsinghua.edu.cn/packages/af/e0/ad7d3e6a7f550a5ddae10d475f54d982ae077a563ee508893aeb6fb380ee/fastapi-0.101.0-py3-none-any.whl", hash = "sha256:494eb3494d89e8079c20859d7ca695f66eaccc40f46fe8c75ab6186d15f05ffd"},
]
"h11 0.14.0" = [
    {url = "https://pypi.tuna.tsinghua.edu.cn/packages/95/04/ff642e65ad6b90db43e668d70ffb6736436c7ce41fcc549f4e9472234127/h11-0.14.0-py3-none-any.whl", hash = "sha256:e3fe4ac4b851c468cc8363d500db52c2ead036020723024a109d37346efaa761"},
    {url = "https://pypi.tuna.tsinghua.edu.cn/packages/f5/38/3af3d3633a34a3316095b39c8e8fb4853a28a536e55d347bd8d8e9a14b03/h11-0.14.0.tar.gz", hash = "sha256:8f19fbbe99e72420ff35c00b27a34cb9937e902a8b810e2c88300c6f0a3b699d"},
]
"idna 3.4" = [
    {url = "https://pypi.tuna.tsinghua.edu.cn/packages/8b/e1/43beb3d38dba6cb420cefa297822eac205a277ab43e5ba5d5c46faf96438/idna-3.4.tar.gz", hash = "sha256:814f528e8dead7d329833b91c5faa87d60bf71824cd12a7530b5526063d02cb4"},
    {url = "https://pypi.tuna.tsinghua.edu.cn/packages/fc/34/3030de6f1370931b9dbb4dad48f6ab1015ab1d32447850b9fc94e60097be/idna-3.4-py3-none-any.whl", hash = "sha256:90b77e79eaa3eba6de819a0c442c0b4ceefc341a7a2ab77d7562bf49f425c5c2"},
]
"pydantic 2.1.1" = [
    {url = "https://pypi.tuna.tsinghua.edu.cn/packages/0f/46/12689d28731c709890361af3414a9d0d04328043beb7c9fc4e4caa580b5c/pydantic-2.1.1.tar.gz", hash = "sha256:22d63db5ce4831afd16e7c58b3192d3faf8f79154980d9397d9867254310ba4b"},
    {url = "https://pypi.tuna.tsinghua.edu.cn/packages/87/80/52770e747e4bee5012e60b2684db36c8fdf010f8dadb4ded0efec808b07d/pydantic-2.1.1-py3-none-any.whl", hash = "sha256:43bdbf359d6304c57afda15c2b95797295b702948082d4c23851ce752f21da70"},
]
"pydantic-core 2.4.0" = [
    {url = "https://pypi.tuna.tsinghua.edu.cn/packages/02/45/ebe8db34f7c2fa1652b4e67d5a7a76b31f420f22d8b36409e2a852264c8b/pydantic_core-2.4.0-pp39-pypy39_pp73-macosx_10_7_x86_64.whl", hash = "sha256:efff8b6761a1f6e45cebd1b7a6406eb2723d2d5710ff0d1b624fe11313693989"},
    {url = "https://pypi.tuna.tsinghua.edu.cn/packages/02/bf/a193e0f4a0fa01b8d6791991ecf1500931f8c98ccf81307ade3ad10963d7/pydantic_core-2.4.0-cp39-cp39-manylinux_2_17_x86_64.manylinux2014_x86_64.whl", hash = "sha256:ac2b680de398f293b68183317432b3d67ab3faeba216aec18de0c395cb5e3060"},
    {url = "https://pypi.tuna.tsinghua.edu.cn/packages/02/d0/d91f152a1ab00264ac8ba4c4330755b981a77982644089e4c896f080ccd2/pydantic_core-2.4.0-pp39-pypy39_pp73-manylinux_2_17_x86_64.manylinux2014_x86_64.whl", hash = "sha256:a027f41c5008571314861744d83aff75a34cf3a07022e0be32b214a5bc93f7f1"},
    {url = "https://pypi.tuna.tsinghua.edu.cn/packages/04/06/9de95f89bfdcb02b2ec3d703d7a6d3d22152f98d59053afcd6d205ddedbf/pydantic_core-2.4.0-cp312-cp312-manylinux_2_24_ppc64le.whl", hash = "sha256:4b262bbc13022f2097c48a21adcc360a81d83dc1d854c11b94953cd46d7d3c07"},
    {url = "https://pypi.tuna.tsinghua.edu.cn/packages/04/1b/4adb4e918d374c343994699feb96896b610d0ed3b0c7b6faece1357a40a9/pydantic_core-2.4.0-pp38-pypy38_pp73-musllinux_1_1_x86_64.whl", hash = "sha256:2ad538b7e07343001934417cdc8584623b4d8823c5b8b258e75ec8d327cec969"},
    {url = "https://pypi.tuna.tsinghua.edu.cn/packages/06/5b/91209bcfc7f0aa97a1fc55c1293aade0c0760927592d0126311e13fb22a7/pydantic_core-2.4.0-cp311-cp311-manylinux_2_5_i686.manylinux1_i686.whl", hash = "sha256:af24ad4fbaa5e4a2000beae0c3b7fd1c78d7819ab90f9370a1cfd8998e3f8a3c"},
    {url = "https://pypi.tuna.tsinghua.edu.cn/packages/06/d8/8582017a1586ee1f4340fd2446334e996fca93958ae9b6de5167f44529ba/pydantic_core-2.4.0-cp37-none-win32.whl", hash = "sha256:ff246c0111076c8022f9ba325c294f2cb5983403506989253e04dbae565e019b"},
    {url = "https://pypi.tuna.tsinghua.edu.cn/packages/07/4b/3e4510a697d9e38ef76d8580ea36f3cb9248531cc565964c975b93551c83/pydantic_core-2.4.0-cp38-cp38-manylinux_2_24_s390x.whl", hash = "sha256:2f9ea0355f90db2a76af530245fa42f04d98f752a1236ed7c6809ec484560d5b"},
    {url = "https://pypi.tuna.tsinghua.edu.cn/packages/07/5d/75b67fabb17be94e3f61098d11597d11f043c871c8705955fd984f887efb/pydantic_core-2.4.0-cp39-cp39-musllinux_1_1_x86_64.whl", hash = "sha256:e953353180bec330c3b830891d260b6f8e576e2d18db3c78d314e56bb2276066"},
    {url = "https://pypi.tuna.tsinghua.edu.cn/packages/0b/13/eb10befcd2e7111ad4f53d99389b7e872db3d1befb930b80e41ed78d7c28/pydantic_core-2.4.0-pp310-pypy310_pp73-macosx_10_7_x86_64.whl", hash = "sha256:3fcf529382b282a30b466bd7af05be28e22aa620e016135ac414f14e1ee6b9e1"},
    {url = "https://pypi.tuna.tsinghua.edu.cn/packages/0b/1a/a06cfe734c5571e2dbd36d1c4b716c1437cbf29a871e26a7a6659d0530be/pydantic_core-2.4.0-cp311-none-win32.whl", hash = "sha256:6f855bcc96ed3dd56da7373cfcc9dcbabbc2073cac7f65c185772d08884790ce"},
    {url = "https://pypi.tuna.tsinghua.edu.cn/packages/0e/cc/6e956d3128f1984351884fee0be081b4b0ad4da9b54b7403fc3bbb4ad027/pydantic_core-2.4.0-cp310-none-win32.whl", hash = "sha256:853f103e2b9a58832fdd08a587a51de8b552ae90e1a5d167f316b7eabf8d7dde"},
    {url = "https://pypi.tuna.tsinghua.edu.cn/packages/15/91/aa162120eea2d8f4ada87b0d127550a4ab380e7979d25173eaf1519f2199/pydantic_core-2.4.0-cp38-none-win_amd64.whl", hash = "sha256:047580388644c473b934d27849f8ed8dbe45df0adb72104e78b543e13bf69762"},
    {url = "https://pypi.tuna.tsinghua.edu.cn/packages/16/40/dc1591f53e84662767c84da57cb1c77fe163875bebe3244219f3449709d2/pydantic_core-2.4.0-cp312-cp312-manylinux_2_17_aarch64.manylinux2014_aarch64.whl", hash = "sha256:546064c55264156b973b5e65e5fafbe5e62390902ce3cf6b4005765505e8ff56"},
    {url = "https://pypi.tuna.tsinghua.edu.cn/packages/17/18/0ecf5d5bf4e359dfc06ccae67d3c91b350bfaeeb676e3a60e3325b8968a0/pydantic_core-2.4.0-cp310-cp310-macosx_10_7_x86_64.whl", hash = "sha256:2ca4687dd996bde7f3c420def450797feeb20dcee2b9687023e3323c73fc14a2"},
    {url = "https://pypi.tuna.tsinghua.edu.cn/packages/17/b5/e12848eeea16e88b857689528c35d8396befb6040e5477f10a206b0a778f/pydantic_core-2.4.0-cp310-cp310-musllinux_1_1_aarch64.whl", hash = "sha256:54df7df399b777c1fd144f541c95d351b3aa110535a6810a6a569905d106b6f3"},
    {url = "https://pypi.tuna.tsinghua.edu.cn/packages/1b/8d/b4011ecd34f5b139fdd9b2c38962ca62128ebbd40e911f277a0720bb3cde/pydantic_core-2.4.0-pp39-pypy39_pp73-musllinux_1_1_aarch64.whl", hash = "sha256:7aa82d483d5fb867d4fb10a138ffd57b0f1644e99f2f4f336e48790ada9ada5e"},
    {url = "https://pypi.tuna.tsinghua.edu.cn/packages/1b/f4/0c0c527af270328bb9b24419c480ca5807fd38396592268912f5fca88cfd/pydantic_core-2.4.0-pp37-pypy37_pp73-manylinux_2_17_aarch64.manylinux2014_aarch64.whl", hash = "sha256:584a7a818c84767af16ce8bda5d4f7fedb37d3d231fc89928a192f567e4ef685"},
    {url = "https://pypi.tuna.tsinghua.edu.cn/packages/1c/51/1d219028726087ca0af118179e614bd9cc1eb502db3bf59820d33f4103dc/pydantic_core-2.4.0-cp312-cp312-manylinux_2_24_armv7l.whl", hash = "sha256:57a53a75010c635b3ad6499e7721eaa3b450e03f6862afe2dbef9c8f66e46ec8"},
    {url = "https://pypi.tuna.tsinghua.edu.cn/packages/1e/ed/806fba160563e3f5f20bcee510f9a523c445cfa0334b886adff94e67c1b3/pydantic_core-2.4.0-pp38-pypy38_pp73-win_amd64.whl", hash = "sha256:dd2429f7635ad4857b5881503f9c310be7761dc681c467a9d27787b674d1250a"},
    {url = "https://pypi.tuna.tsinghua.edu.cn/packages/2b/0e/7de47b89f3903cab0fbdb3f9b443dc9fd7a76c6cb1fa3da5a1e3ab9993bd/pydantic_core-2.4.0-pp38-pypy38_pp73-manylinux_2_17_aarch64.manylinux2014_aarch64.whl", hash = "sha256:be86c2eb12fb0f846262ace9d8f032dc6978b8cb26a058920ecb723dbcb87d05"},
    {url = "https://pypi.tuna.tsinghua.edu.cn/packages/2c/c9/d321cfaaf7419b78b020d37a34ca43d2f352962848ea8120728fa7995f1e/pydantic_core-2.4.0-cp310-cp310-manylinux_2_17_aarch64.manylinux2014_aarch64.whl", hash = "sha256:6213b471b68146af97b8551294e59e7392c2117e28ffad9c557c65087f4baee3"},
    {url = "https://pypi.tuna.tsinghua.edu.cn/packages/30/d2/7bd8dacdcfb3d6e9d99a28b076dcef342967821739944161af62a7fdc349/pydantic_core-2.4.0-cp39-cp39-musllinux_1_1_aarch64.whl", hash = "sha256:cc086ddb6dc654a15deeed1d1f2bcb1cb924ebd70df9dca738af19f64229b06c"},
    {url = "https://pypi.tuna.tsinghua.edu.cn/packages/31/de/fe16c866ba0117a480331ef46f55e703f8126ca793d029d499b67d3647cf/pydantic_core-2.4.0-cp312-cp312-manylinux_2_5_i686.manylinux1_i686.whl", hash = "sha256:b2799c2eaf182769889761d4fb4d78b82bc47dae833799fedbf69fc7de306faa"},
    {url = "https://pypi.tuna.tsinghua.edu.cn/packages/32/28/8ee7d072e29c7597b139f58a2882dad0f24b1f213996affdfab3564dfe1a/pydantic_core-2.4.0-cp311-cp311-manylinux_2_17_aarch64.manylinux2014_aarch64.whl", hash = "sha256:cba5ad5eef02c86a1f3da00544cbc59a510d596b27566479a7cd4d91c6187a11"},
    {url = "https://pypi.tuna.tsinghua.edu.cn/packages/32/68/324013cf826ad1f09bce46b01259c2d88607d137e297d213fe7ef225a91f/pydantic_core-2.4.0-cp311-cp311-macosx_11_0_arm64.whl", hash = "sha256:16468bd074fa4567592d3255bf25528ed41e6b616d69bf07096bdb5b66f947d1"},
    {url = "https://pypi.tuna.tsinghua.edu.cn/packages/32/c2/b6a91f50e173e71a33dcddceea06f10dfa8278e24f6521a6afda7b14540e/pydantic_core-2.4.0-cp39-cp39-macosx_11_0_arm64.whl", hash = "sha256:664402ef0c238a7f8a46efb101789d5f2275600fb18114446efec83cfadb5b66"},
    {url = "https://pypi.tuna.tsinghua.edu.cn/packages/36/b1/4a6531fcc5f1e3794a08fd7a16b1d620d2cb2b9e611b154301af1ac0e6d0/pydantic_core-2.4.0-cp312-cp312-macosx_11_0_arm64.whl", hash = "sha256:a297c0d6c61963c5c3726840677b798ca5b7dfc71bc9c02b9a4af11d23236008"},
    {url = "https://pypi.tuna.tsinghua.edu.cn/packages/38/77/f1f10ab7f80ec9dac16c8a5be038f0102b62c33cc9e4d65c6c984dc51cf5/pydantic_core-2.4.0-pp37-pypy37_pp73-musllinux_1_1_aarch64.whl", hash = "sha256:4e562cc63b04636cde361fd47569162f1daa94c759220ff202a8129902229114"},
    {url = "https://pypi.tuna.tsinghua.edu.cn/packages/39/57/e1f32d0f4415381c2e922b8f480030d1a77ca827875835acbc61e55d825f/pydantic_core-2.4.0-cp310-cp310-manylinux_2_24_ppc64le.whl", hash = "sha256:8c938c96294d983dcf419b54dba2d21056959c22911d41788efbf949a29ae30d"},
    {url = "https://pypi.tuna.tsinghua.edu.cn/packages/3e/5b/5dd27fd489227f2cda503508de564c34ccefe0d2092c907e1e805932f170/pydantic_core-2.4.0-cp37-cp37m-musllinux_1_1_x86_64.whl", hash = "sha256:d9610b47b5fe4aacbbba6a9cb5f12cbe864eec99dbfed5710bd32ef5dd8a5d5b"},
    {url = "https://pypi.tuna.tsinghua.edu.cn/packages/40/0d/60b7602f032aaa75b633932a88efe6f9a0fca1897f1e1f0d641e199190e9/pydantic_core-2.4.0-cp310-cp310-musllinux_1_1_x86_64.whl", hash = "sha256:e412607ca89a0ced10758dfb8f9adcc365ce4c1c377e637c01989a75e9a9ec8a"},
    {url = "https://pypi.tuna.tsinghua.edu.cn/packages/42/53/a560fdf35113e18a81ca958bd0bc91d53035937b727a376f9fa740f8533e/pydantic_core-2.4.0-cp311-cp311-musllinux_1_1_aarch64.whl", hash = "sha256:bf10963d8aed8bbe0165b41797c9463d4c5c8788ae6a77c68427569be6bead41"},
    {url = "https://pypi.tuna.tsinghua.edu.cn/packages/44/2b/b74a360ced5d58a8b276eb856e1d903181ac816280493cdbcd7883cdde43/pydantic_core-2.4.0-pp310-pypy310_pp73-manylinux_2_5_i686.manylinux1_i686.whl", hash = "sha256:77dadc764cf7c5405e04866181c5bd94a447372a9763e473abb63d1dfe9b7387"},
    {url = "https://pypi.tuna.tsinghua.edu.cn/packages/45/0b/bf055d9b5032e95e2c206fbc83afdcf528eeb3a89c146f893b4b23b2b35a/pydantic_core-2.4.0-cp37-cp37m-manylinux_2_17_x86_64.manylinux2014_x86_64.whl", hash = "sha256:8fba0aff4c407d0274e43697e785bcac155ad962be57518d1c711f45e72da70f"},
    {url = "https://pypi.tuna.tsinghua.edu.cn/packages/45/bf/5a5e17dd3a2526be8abed98e5e5ab4d526a8c75342cc552b54330a8145b1/pydantic_core-2.4.0-cp37-cp37m-manylinux_2_17_aarch64.manylinux2014_aarch64.whl", hash = "sha256:c5d8e764b5646623e57575f624f8ebb8f7a9f7fd1fae682ef87869ca5fec8dcf"},
    {url = "https://pypi.tuna.tsinghua.edu.cn/packages/4a/c2/0b5125372ecdc8294262233540f9c0078e1a1e007a8fa19646b3b23a5390/pydantic_core-2.4.0-cp311-cp311-manylinux_2_24_ppc64le.whl", hash = "sha256:3534118289e33130ed3f1cc487002e8d09b9f359be48b02e9cd3de58ce58fba9"},
    {url = "https://pypi.tuna.tsinghua.edu.cn/packages/4b/56/11c2ed5805c5fc8cd800f6e40b246bb2e0c91aff43516b484a6fcc258e31/pydantic_core-2.4.0-cp311-cp311-macosx_10_7_x86_64.whl", hash = "sha256:a8b7acd04896e8f161e1500dc5f218017db05c1d322f054e89cbd089ce5d0071"},
    {url = "https://pypi.tuna.tsinghua.edu.cn/packages/4c/55/7b5b537f2502ec5e15938314f33a0c054ed43dd5aacc220e4cf235a6956f/pydantic_core-2.4.0-pp310-pypy310_pp73-musllinux_1_1_aarch64.whl", hash = "sha256:a4ea23b07f29487a7bef2a869f68c7ee0e05424d81375ce3d3de829314c6b5ec"},
    {url = "https://pypi.tuna.tsinghua.edu.cn/packages/53/e0/026ef3688a5c402ff3cb3500c47a6e2a9fb940f6508e6672237ddd672d04/pydantic_core-2.4.0-cp37-cp37m-manylinux_2_5_i686.manylinux1_i686.whl", hash = "sha256:b013c7861a7c7bfcec48fd709513fea6f9f31727e7a0a93ca0dd12e056740717"},
    {url = "https://pypi.tuna.tsinghua.edu.cn/packages/54/94/a328f246ec1fd2401459c187e3ed9a31ee15c66704c37bd942e586cbd2af/pydantic_core-2.4.0-cp37-cp37m-macosx_11_0_arm64.whl", hash = "sha256:9137289de8fe845c246a8c3482dd0cb40338846ba683756d8f489a4bd8fddcae"},
    {url = "https://pypi.tuna.tsinghua.edu.cn/packages/58/4e/88bea94069c9065b02fdf40081edc3c6b5bdf8c079c14f13abe4807b5297/pydantic_core-2.4.0-cp310-cp310-manylinux_2_5_i686.manylinux1_i686.whl", hash = "sha256:69159afc2f2dc43285725f16143bc5df3c853bc1cb7df6021fce7ef1c69e8171"},
    {url = "https://pypi.tuna.tsinghua.edu.cn/packages/59/4d/2d864a9bbc14b91d06a4cacd71fefc4d920f5d20e561616419d92c151ca9/pydantic_core-2.4.0-cp39-none-win32.whl", hash = "sha256:6feb4b64d11d5420e517910d60a907d08d846cacaf4e029668725cd21d16743c"},
    {url = "https://pypi.tuna.tsinghua.edu.cn/packages/5a/f6/2824854aa3e04da7692c9ac4dc10f592d888be4ce6e82c48857a24e52c24/pydantic_core-2.4.0-cp312-cp312-musllinux_1_1_x86_64.whl", hash = "sha256:1e8a7c62d15a5c4b307271e4252d76ebb981d6251c6ecea4daf203ef0179ea4f"},
    {url = "https://pypi.tuna.tsinghua.edu.cn/packages/5d/26/891441b79ea6b620faec8ee1ef4ee9a02c6ac2e9f348fa9c051f8a783783/pydantic_core-2.4.0-pp39-pypy39_pp73-manylinux_2_17_aarch64.manylinux2014_aarch64.whl", hash = "sha256:32a1e0352558cd7ccc014ffe818c7d87b15ec6145875e2cc5fa4bb7351a1033d"},
    {url = "https://pypi.tuna.tsinghua.edu.cn/packages/6b/f8/2f2b606610822a177f4e9fe28a84535e9770e54898bb1cf89826f68e9089/pydantic_core-2.4.0-pp39-pypy39_pp73-musllinux_1_1_x86_64.whl", hash = "sha256:b85778308bf945e9b33ac604e6793df9b07933108d20bdf53811bc7c2798a4af"},
    {url = "https://pypi.tuna.tsinghua.edu.cn/packages/6d/83/0195486f750ba295f3e22715333f760e59e545adf4ea34380fc68173e2eb/pydantic_core-2.4.0-pp38-pypy38_pp73-manylinux_2_5_i686.manylinux1_i686.whl", hash = "sha256:79262be5a292d1df060f29b9a7cdd66934801f987a817632d7552534a172709a"},
    {url = "https://pypi.tuna.tsinghua.edu.cn/packages/6f/29/6cb9e3c92c39a2fae99b538489c0f37c846ad756c9e8455782f0a2466478/pydantic_core-2.4.0-cp39-none-win_amd64.whl", hash = "sha256:153a61ac4030fa019b70b31fb7986461119230d3ba0ab661c757cfea652f4332"},
    {url = "https://pypi.tuna.tsinghua.edu.cn/packages/71/fb/3cc72976544993e44b6e43cd4343dc30414e4fb51b7cde7daeeda49a660f/pydantic_core-2.4.0-cp39-cp39-manylinux_2_24_armv7l.whl", hash = "sha256:8efc1be43b036c2b6bcfb1451df24ee0ddcf69c31351003daf2699ed93f5687b"},
    {url = "https://pypi.tuna.tsinghua.edu.cn/packages/75/91/87fbc527191a762729b0c86b60c05a9b162c5b2d0d930a67cb5d745614f7/pydantic_core-2.4.0-pp310-pypy310_pp73-manylinux_2_17_x86_64.manylinux2014_x86_64.whl", hash = "sha256:da055a1b0bfa8041bb2ff586b2cb0353ed03944a3472186a02cc44a557a0e661"},
    {url = "https://pypi.tuna.tsinghua.edu.cn/packages/76/e2/5f5c53234e72be69adff5ed1fee58a23ee63dbce45ef1fb774e60103fb2f/pydantic_core-2.4.0-cp312-cp312-musllinux_1_1_aarch64.whl", hash = "sha256:a08fd490ba36d1fbb2cd5dcdcfb9f3892deb93bd53456724389135712b5fc735"},
    {url = "https://pypi.tuna.tsinghua.edu.cn/packages/7c/3c/01387dc9b0e4e3e2bd76d063973df25c4e325632cde9e51b6a975afeeea4/pydantic_core-2.4.0-cp37-cp37m-manylinux_2_24_ppc64le.whl", hash = "sha256:bd7d1dde70ff3e09e4bc7a1cbb91a7a538add291bfd5b3e70ef1e7b45192440f"},
    {url = "https://pypi.tuna.tsinghua.edu.cn/packages/7c/69/483b16c003243cc0361f269f8fabff293a1c2baa8d4e4ddc4d9aba0a3441/pydantic_core-2.4.0-pp37-pypy37_pp73-manylinux_2_17_x86_64.manylinux2014_x86_64.whl", hash = "sha256:04922fea7b13cd480586fa106345fe06e43220b8327358873c22d8dfa7a711c7"},
    {url = "https://pypi.tuna.tsinghua.edu.cn/packages/7f/ca/7e04f9f83a3d67149e3e9f449b443d38e5872001f45d32be28fa16558e9a/pydantic_core-2.4.0-cp311-cp311-manylinux_2_24_s390x.whl", hash = "sha256:94d2b36a74623caab262bf95f0e365c2c058396082bd9d6a9e825657d0c1e7fa"},
    {url = "https://pypi.tuna.tsinghua.edu.cn/packages/80/09/3dc9582c4ba0fa415d0a88379462f84c9352a779b27677340314425b1523/pydantic_core-2.4.0-cp38-cp38-manylinux_2_17_x86_64.manylinux2014_x86_64.whl", hash = "sha256:ffe18407a4d000c568182ce5388bbbedeb099896904e43fc14eee76cfae6dec5"},
    {url = "https://pypi.tuna.tsinghua.edu.cn/packages/86/8c/c0280138b25bdd4dd69005485f2ff900dfd3209648d5b34a4a1f538fdff6/pydantic_core-2.4.0-cp39-cp39-manylinux_2_24_ppc64le.whl", hash = "sha256:d93aedbc4614cc21b9ab0d0c4ccd7143354c1f7cffbbe96ae5216ad21d1b21b5"},
    {url = "https://pypi.tuna.tsinghua.edu.cn/packages/8a/6a/2609fb28f3c289eacb2a2ddaceb7ad0d327b4b4678146573295d98f012b8/pydantic_core-2.4.0.tar.gz", hash = "sha256:ec3473c9789cc00c7260d840c3db2c16dbfc816ca70ec87a00cddfa3e1a1cdd5"},
    {url = "https://pypi.tuna.tsinghua.edu.cn/packages/8a/b6/9ea5d6bd25ea8a0754d48f3e948d93b91b4cb9f1e1639b1340f64d7f0825/pydantic_core-2.4.0-pp37-pypy37_pp73-manylinux_2_5_i686.manylinux1_i686.whl", hash = "sha256:17156abac20a9feed10feec867fddd91a80819a485b0107fe61f09f2117fe5f3"},
    {url = "https://pypi.tuna.tsinghua.edu.cn/packages/8a/e0/556e3b6cdf984dd2e14f72755be75e7ae902e75ab0ba5ed7885b771379c1/pydantic_core-2.4.0-cp37-cp37m-macosx_10_7_x86_64.whl", hash = "sha256:4cbe929efa77a806e8f1a97793f2dc3ea3475ae21a9ed0f37c21320fe93f6f50"},
    {url = "https://pypi.tuna.tsinghua.edu.cn/packages/8b/c3/d19d052cd3601afe30f043b88e090d232117549c9ae9b6788794c9edce1b/pydantic_core-2.4.0-cp312-none-win_amd64.whl", hash = "sha256:884235507549a6b2d3c4113fb1877ae263109e787d9e0eb25c35982ab28d0399"},
    {url = "https://pypi.tuna.tsinghua.edu.cn/packages/8d/07/426bbb5603168562ffe1222656062327c60c30d737645fea985fbfe87b1b/pydantic_core-2.4.0-cp310-cp310-manylinux_2_24_armv7l.whl", hash = "sha256:0455876d575a35defc4da7e0a199596d6c773e20d3d42fa1fc29f6aa640369ed"},
    {url = "https://pypi.tuna.tsinghua.edu.cn/packages/8e/06/fd6ea1ee4a72160ca49ef9be7ade94c180060f73034fa4775b012e32618e/pydantic_core-2.4.0-pp37-pypy37_pp73-macosx_10_7_x86_64.whl", hash = "sha256:43a405ce520b45941df9ff55d0cd09762017756a7b413bbad3a6e8178e64a2c2"},
    {url = "https://pypi.tuna.tsinghua.edu.cn/packages/90/71/fec4ebbf73bec69498550066baad51d737a1af03d99e129aaa02bddd1a75/pydantic_core-2.4.0-cp311-cp311-manylinux_2_17_x86_64.manylinux2014_x86_64.whl", hash = "sha256:b7206e41e04b443016e930e01685bab7a308113c0b251b3f906942c8d4b48fcb"},
    {url = "https://pypi.tuna.tsinghua.edu.cn/packages/91/1a/0dae3027d9a0f17fac650d05c994f778ae014c06db8d75bb481ec6ebae85/pydantic_core-2.4.0-cp39-cp39-manylinux_2_5_i686.manylinux1_i686.whl", hash = "sha256:97c6349c81cee2e69ef59eba6e6c08c5936e6b01c2d50b9e4ac152217845ae09"},
    {url = "https://pypi.tuna.tsinghua.edu.cn/packages/95/2e/be4234f31eed90a2f1c644a8ca7d7fedd2b6bad114e896154aa994c17520/pydantic_core-2.4.0-cp310-none-win_amd64.whl", hash = "sha256:3ba2c9c94a9176f6321a879c8b864d7c5b12d34f549a4c216c72ce213d7d953c"},
    {url = "https://pypi.tuna.tsinghua.edu.cn/packages/97/0a/5673dc7f7e232c3421a4c33fd1d261ebe9b963d0f9e9c2c03d5dd7382769/pydantic_core-2.4.0-cp310-cp310-manylinux_2_17_x86_64.manylinux2014_x86_64.whl", hash = "sha256:63797499a219d8e81eb4e0c42222d0a4c8ec896f5c76751d4258af95de41fdf1"},
    {url = "https://pypi.tuna.tsinghua.edu.cn/packages/9c/f7/276fa47b9ddccb416cf4406791b3651a14732808f68eccb76cae3eec188c/pydantic_core-2.4.0-cp39-cp39-macosx_10_7_x86_64.whl", hash = "sha256:867d3eea954bea807cabba83cfc939c889a18576d66d197c60025b15269d7cc0"},
    {url = "https://pypi.tuna.tsinghua.edu.cn/packages/9e/26/61455d8c6081e43af65c0585b13966c97108ad80ca5d8ea65cb38e1a8adf/pydantic_core-2.4.0-cp38-cp38-manylinux_2_24_armv7l.whl", hash = "sha256:fa8e48001b39d54d97d7b380a0669fa99fc0feeb972e35a2d677ba59164a9a22"},
    {url = "https://pypi.tuna.tsinghua.edu.cn/packages/a2/7b/215959bd2509f33b0dfa071938c27df60027ab5208c5bc97f4389640449e/pydantic_core-2.4.0-cp37-cp37m-manylinux_2_24_armv7l.whl", hash = "sha256:30527d173e826f2f7651f91c821e337073df1555e3b5a0b7b1e2c39e26e50678"},
    {url = "https://pypi.tuna.tsinghua.edu.cn/packages/a4/ad/6b6f30cf557541f284e2d2acfa7b7e0d60fa490ae710155f5bb0ff79cf01/pydantic_core-2.4.0-cp37-cp37m-musllinux_1_1_aarch64.whl", hash = "sha256:478f5f6d7e32bd4a04d102160efb2d389432ecf095fe87c555c0a6fc4adfc1a4"},
    {url = "https://pypi.tuna.tsinghua.edu.cn/packages/a5/05/b3da6a0217c482e4da97b2b77ce601a9074447c1795c0131791523627ace/pydantic_core-2.4.0-cp37-none-win_amd64.whl", hash = "sha256:d0c2b713464a8e263a243ae7980d81ce2de5ac59a9f798a282e44350b42dc516"},
    {url = "https://pypi.tuna.tsinghua.edu.cn/packages/a6/64/2089c820b8b6d0bc9262d9aff59d937b98804d92a8e29fa376035ae546fa/pydantic_core-2.4.0-cp38-cp38-musllinux_1_1_x86_64.whl", hash = "sha256:56a85fa0dab1567bd0cac10f0c3837b03e8a0d939e6a8061a3a420acd97e9421"},
    {url = "https://pypi.tuna.tsinghua.edu.cn/packages/a7/60/0fbe3a08fb7bf9f7c98c7f7fd326591e42addce9b3444e75ed1135322d9d/pydantic_core-2.4.0-cp312-none-win32.whl", hash = "sha256:9206c14a67c38de7b916e486ae280017cf394fa4b1aa95cfe88621a4e1d79725"},
    {url = "https://pypi.tuna.tsinghua.edu.cn/packages/a7/e3/087dbed01491a9028993c927d1e6897a0c1150a8a478b5fb763567922785/pydantic_core-2.4.0-cp310-cp310-manylinux_2_24_s390x.whl", hash = "sha256:878a5017d93e776c379af4e7b20f173c82594d94fa073059bcc546789ad50bf8"},
    {url = "https://pypi.tuna.tsinghua.edu.cn/packages/a9/5e/c7e9edbe7113dc0193b68ed7e3f22ca5b152c89390fd0fb01e9130806262/pydantic_core-2.4.0-cp311-none-win_amd64.whl", hash = "sha256:de39eb3bab93a99ddda1ac1b9aa331b944d8bcc4aa9141148f7fd8ee0299dafc"},
    {url = "https://pypi.tuna.tsinghua.edu.cn/packages/aa/33/5acdb97860ae2f5d7fcf51255c14008fe878a04a1e216d2fd919f7aa3d8a/pydantic_core-2.4.0-cp38-cp38-manylinux_2_17_aarch64.manylinux2014_aarch64.whl", hash = "sha256:0a507d7fa44688bbac76af6521e488b3da93de155b9cba6f2c9b7833ce243d59"},
    {url = "https://pypi.tuna.tsinghua.edu.cn/packages/ab/78/f08a928c1175ff8ff6b6b646d68b571d816da02edafb3b1f47353b41ede2/pydantic_core-2.4.0-pp37-pypy37_pp73-musllinux_1_1_x86_64.whl", hash = "sha256:90f3785146f701e053bb6b9e8f53acce2c919aca91df88bd4975be0cb926eb41"},
    {url = "https://pypi.tuna.tsinghua.edu.cn/packages/ad/97/7a6f21d7c29dbce9fbc0e2af0a96ad1abffec4e93f683bf62ecd45d411af/pydantic_core-2.4.0-cp311-cp311-musllinux_1_1_x86_64.whl", hash = "sha256:68199ada7c310ddb8c76efbb606a0de656b40899388a7498954f423e03fc38be"},
    {url = "https://pypi.tuna.tsinghua.edu.cn/packages/af/64/ee1baedab827ec7d818ebd6f705e4a4122f2de6adb4d8e309f0a2507c52b/pydantic_core-2.4.0-pp38-pypy38_pp73-musllinux_1_1_aarch64.whl", hash = "sha256:5fd905a69ac74eaba5041e21a1e8b1a479dab2b41c93bdcc4c1cede3c12a8d86"},
    {url = "https://pypi.tuna.tsinghua.edu.cn/packages/b4/b4/3bf2dba260dddc5d3ab2c1e840ae8f4ab5ab7dae0f2c332e13c730f8938d/pydantic_core-2.4.0-pp310-pypy310_pp73-win_amd64.whl", hash = "sha256:08f89697625e453421401c7f661b9d1eb4c9e4c0a12fd256eeb55b06994ac6af"},
    {url = "https://pypi.tuna.tsinghua.edu.cn/packages/b5/ba/083a3e676b6cec5acc0e3a47803fd9bfe3df531d68aa888f4c97b61be0b2/pydantic_core-2.4.0-pp39-pypy39_pp73-win_amd64.whl", hash = "sha256:3ded19dcaefe2f6706d81e0db787b59095f4ad0fbadce1edffdf092294c8a23f"},
    {url = "https://pypi.tuna.tsinghua.edu.cn/packages/c9/77/a81262c4db2204ad27cd309a4438e8cbb32c8f07e997786ae6cfa763f589/pydantic_core-2.4.0-cp39-cp39-manylinux_2_24_s390x.whl", hash = "sha256:af788b64e13d52fc3600a68b16d31fa8d8573e3ff2fc9a38f8a60b8d94d1f012"},
    {url = "https://pypi.tuna.tsinghua.edu.cn/packages/cb/fa/a042aa68fa9df1c41e2f238055c3afb77c7105e6693468db2fa3b7a91093/pydantic_core-2.4.0-cp310-cp310-macosx_11_0_arm64.whl", hash = "sha256:782fced7d61469fd1231b184a80e4f2fa7ad54cd7173834651a453f96f29d673"},
    {url = "https://pypi.tuna.tsinghua.edu.cn/packages/cc/fd/2c4419bdad0be8d9ce2b20c4a34c29646c5909ee02a19b997715573fce09/pydantic_core-2.4.0-cp311-cp311-manylinux_2_24_armv7l.whl", hash = "sha256:c1375025f0bfc9155286ebae8eecc65e33e494c90025cda69e247c3ccd2bab00"},
    {url = "https://pypi.tuna.tsinghua.edu.cn/packages/d3/e2/448bd4949ad4bf6c57046366c04a5d0e2248454f4e594bffb4bed7c855a7/pydantic_core-2.4.0-pp39-pypy39_pp73-manylinux_2_5_i686.manylinux1_i686.whl", hash = "sha256:1927f0e15d190f11f0b8344373731e28fd774c6d676d8a6cfadc95c77214a48b"},
    {url = "https://pypi.tuna.tsinghua.edu.cn/packages/d5/41/dd213a63f6ab1f5974b40f6df0b1512618e984227eecd2e15dc57cd8744c/pydantic_core-2.4.0-cp312-cp312-macosx_10_7_x86_64.whl", hash = "sha256:f773b39780323a0499b53ebd91a28ad11cde6705605d98d999dfa08624caf064"},
    {url = "https://pypi.tuna.tsinghua.edu.cn/packages/d9/49/a7fbf41b562d1b49698b4ab416e936ea3b49c98b60fb8ccf85c8450a9c21/pydantic_core-2.4.0-cp38-cp38-macosx_11_0_arm64.whl", hash = "sha256:49db206eb8fdc4b4f30e6e3e410584146d813c151928f94ec0db06c4f2595538"},
    {url = "https://pypi.tuna.tsinghua.edu.cn/packages/da/0b/9768b797629a7cc06c81d449987efc904817871d55a4db5c377bc8abf757/pydantic_core-2.4.0-cp37-cp37m-manylinux_2_24_s390x.whl", hash = "sha256:72f1216ca8cef7b8adacd4c4c6b89c3b0c4f97503197f5284c80f36d6e4edd30"},
    {url = "https://pypi.tuna.tsinghua.edu.cn/packages/da/d3/5d7e3deef123e6fe31dbbf40f63126d1eb336d195e7ab83c8eaf5e6b55df/pydantic_core-2.4.0-cp38-cp38-manylinux_2_5_i686.manylinux1_i686.whl", hash = "sha256:61d4e713f467abcdd59b47665d488bb898ad3dd47ce7446522a50e0cbd8e8279"},
    {url = "https://pypi.tuna.tsinghua.edu.cn/packages/db/8b/7fb3de9629d0ad1058a4bb7cc92326d3949a182950d4966c32dcfc799877/pydantic_core-2.4.0-cp38-none-win32.whl", hash = "sha256:0d726108c1c0380b88b6dd4db559f0280e0ceda9e077f46ff90bc85cd4d03e77"},
    {url = "https://pypi.tuna.tsinghua.edu.cn/packages/dc/91/6fb3e9db94cbd438491dc700cf7c24abca5d1aad2cf5a20a95c3927bb195/pydantic_core-2.4.0-cp39-cp39-manylinux_2_17_aarch64.manylinux2014_aarch64.whl", hash = "sha256:64e8012ad60a5f0da09ed48725e6e923d1be25f2f091a640af6079f874663813"},
    {url = "https://pypi.tuna.tsinghua.edu.cn/packages/dd/48/99d7d06be407af94c804bb647bccacdfe228a5d41915f8893841aec0fa53/pydantic_core-2.4.0-pp37-pypy37_pp73-win_amd64.whl", hash = "sha256:e40b1e97edd3dc127aa53d8a5e539a3d0c227d71574d3f9ac1af02d58218a122"},
    {url = "https://pypi.tuna.tsinghua.edu.cn/packages/de/76/339b24c089810eb3dfb45723b97fbf9495a2007a47b22defcc3e1db32d7f/pydantic_core-2.4.0-cp38-cp38-musllinux_1_1_aarch64.whl", hash = "sha256:453862ab268f6326b01f067ed89cb3a527d34dc46f6f4eeec46a15bbc706d0da"},
    {url = "https://pypi.tuna.tsinghua.edu.cn/packages/e0/a1/cb4f46488deedd0f1eab5fc20647c068998e5bc950f982a2fd29918712ea/pydantic_core-2.4.0-cp312-cp312-manylinux_2_17_x86_64.manylinux2014_x86_64.whl", hash = "sha256:36ba9e728588588f0196deaf6751b9222492331b5552f865a8ff120869d372e0"},
    {url = "https://pypi.tuna.tsinghua.edu.cn/packages/e1/55/f77e090b59b8e4ca433a5dccd024d62b5923c2fe79225d13875a4770abc5/pydantic_core-2.4.0-pp38-pypy38_pp73-macosx_10_7_x86_64.whl", hash = "sha256:b27f3e67f6e031f6620655741b7d0d6bebea8b25d415924b3e8bfef2dd7bd841"},
    {url = "https://pypi.tuna.tsinghua.edu.cn/packages/e2/e9/36e086f95ec3cdff3421f165e54dd1d0fabaaccf07eebb0555ae12746e68/pydantic_core-2.4.0-pp310-pypy310_pp73-manylinux_2_17_aarch64.manylinux2014_aarch64.whl", hash = "sha256:2edef05b63d82568b877002dc4cb5cc18f8929b59077120192df1e03e0c633f8"},
    {url = "https://pypi.tuna.tsinghua.edu.cn/packages/e8/86/5993c8e2a2335827f1937f7ddcdd088d21a38ba945d303a9533017a417e8/pydantic_core-2.4.0-cp38-cp38-manylinux_2_24_ppc64le.whl", hash = "sha256:394f12a2671ff8c4dfa2e85be6c08be0651ad85bc1e6aa9c77c21671baaf28cd"},
    {url = "https://pypi.tuna.tsinghua.edu.cn/packages/e9/59/10e3e941f5f232036d6e03e0aaac4495e8d90faf7b3e0e896aca456c66a2/pydantic_core-2.4.0-cp38-cp38-macosx_10_7_x86_64.whl", hash = "sha256:12ef6838245569fd60a179fade81ca4b90ae2fa0ef355d616f519f7bb27582db"},
    {url = "https://pypi.tuna.tsinghua.edu.cn/packages/eb/90/b13e6d8783a8eca1392fd4dcebea953e4c52647cf257c09b37243b595a04/pydantic_core-2.4.0-pp310-pypy310_pp73-musllinux_1_1_x86_64.whl", hash = "sha256:382f0baa044d674ad59455a5eff83d7965572b745cc72df35c52c2ce8c731d37"},
    {url = "https://pypi.tuna.tsinghua.edu.cn/packages/fb/7f/d65603736fd23b2cd049634f7713669e6f83f17c181aea5da5688d88b9c7/pydantic_core-2.4.0-pp38-pypy38_pp73-manylinux_2_17_x86_64.manylinux2014_x86_64.whl", hash = "sha256:4665f7ed345012a8d2eddf4203ef145f5f56a291d010382d235b94e91813f88a"},
    {url = "https://pypi.tuna.tsinghua.edu.cn/packages/fd/e1/a80c4f5ceae5378dba083820ab7a4018b451019a25a1a2add80533f1836d/pydantic_core-2.4.0-cp312-cp312-manylinux_2_24_s390x.whl", hash = "sha256:01947ad728f426fa07fcb26457ebf90ce29320259938414bc0edd1476e75addb"},
]
"sniffio 1.3.0" = [
    {url = "https://pypi.tuna.tsinghua.edu.cn/packages/c3/a0/5dba8ed157b0136607c7f2151db695885606968d1fae123dc3391e0cfdbf/sniffio-1.3.0-py3-none-any.whl", hash = "sha256:eecefdce1e5bbfb7ad2eeaabf7c1eeb404d7757c379bd1f7e5cce9d8bf425384"},
    {url = "https://pypi.tuna.tsinghua.edu.cn/packages/cd/50/d49c388cae4ec10e8109b1b833fd265511840706808576df3ada99ecb0ac/sniffio-1.3.0.tar.gz", hash = "sha256:e60305c5e5d314f5389259b7f22aaa33d8f7dee49763119234af3755c55b9101"},
]
"starlette 0.27.0" = [
    {url = "https://pypi.tuna.tsinghua.edu.cn/packages/06/68/559bed5484e746f1ab2ebbe22312f2c25ec62e4b534916d41a8c21147bf8/starlette-0.27.0.tar.gz", hash = "sha256:6a6b0d042acb8d469a01eba54e9cda6cbd24ac602c4cd016723117d6a7e73b75"},
    {url = "https://pypi.tuna.tsinghua.edu.cn/packages/58/f8/e2cca22387965584a409795913b774235752be4176d276714e15e1a58884/starlette-0.27.0-py3-none-any.whl", hash = "sha256:918416370e846586541235ccd38a474c08b80443ed31c578a418e2209b3eef91"},
]
"typing-extensions 4.7.1" = [
    {url = "https://pypi.tuna.tsinghua.edu.cn/packages/3c/8b/0111dd7d6c1478bf83baa1cab85c686426c7a6274119aceb2bd9d35395ad/typing_extensions-4.7.1.tar.gz", hash = "sha256:b75ddc264f0ba5615db7ba217daeb99701ad295353c45f9e95963337ceeeffb2"},
    {url = "https://pypi.tuna.tsinghua.edu.cn/packages/ec/6b/63cc3df74987c36fe26157ee12e09e8f9db4de771e0f3404263117e75b95/typing_extensions-4.7.1-py3-none-any.whl", hash = "sha256:440d5dd3af93b060174bf433bccd69b0babc3b15b1a8dca43789fd7f61514b36"},
]
"urllib3 1.26.16" = [
    {url = "https://pypi.tuna.tsinghua.edu.cn/packages/c5/05/c214b32d21c0b465506f95c4f28ccbcba15022e000b043b72b3df7728471/urllib3-1.26.16-py2.py3-none-any.whl", hash = "sha256:8d36afa7616d8ab714608411b4a3b13e58f463aee519024578e062e141dce20f"},
    {url = "https://pypi.tuna.tsinghua.edu.cn/packages/e2/7d/539e6f0cf9f0b95b71dd701a56dae89f768cd39fd8ce0096af3546aeb5a3/urllib3-1.26.16.tar.gz", hash = "sha256:8f135f6502756bde6b2a9b28989df5fbe87c9970cecaa69041edcce7f0589b14"},
]
"uvicorn 0.23.2" = [
    {url = "https://pypi.tuna.tsinghua.edu.cn/packages/4c/b3/aa7eb8367959623eef0527f876e371f1ac5770a3b31d3d6db34337b795e6/uvicorn-0.23.2.tar.gz", hash = "sha256:4d3cc12d7727ba72b64d12d3cc7743124074c0a69f7b201512fc50c3e3f1569a"},
    {url = "https://pypi.tuna.tsinghua.edu.cn/packages/79/96/b0882a1c3f7ef3dd86879e041212ae5b62b4bd352320889231cc735a8e8f/uvicorn-0.23.2-py3-none-any.whl", hash = "sha256:1f9be6558f01239d4fdf22ef8126c39cb1ad0addf76c40e760549d2c2f43ab53"},
]
"uvloop 0.17.0" = [
    {url = "https://pypi.tuna.tsinghua.edu.cn/packages/04/e3/e8c6b6b2ece6b0ab6033c62344d3de1706ed773d10c1798ee8afb0007b8c/uvloop-0.17.0-cp310-cp310-musllinux_1_1_x86_64.whl", hash = "sha256:8efcadc5a0003d3a6e887ccc1fb44dec25594f117a94e3127954c05cf144d811"},
    {url = "https://pypi.tuna.tsinghua.edu.cn/packages/08/f2/99ea33be2a601d74b345605f4843f678b8fc19b6b348c0cf07883791f0b2/uvloop-0.17.0-cp39-cp39-musllinux_1_1_aarch64.whl", hash = "sha256:c092a2c1e736086d59ac8e41f9c98f26bbf9b9222a76f21af9dfe949b99b2eb9"},
    {url = "https://pypi.tuna.tsinghua.edu.cn/packages/0e/27/f4f8afa5f34626f5e4fdd6b96734546d293dfe3593a6d73a8785c3e79817/uvloop-0.17.0-cp39-cp39-macosx_10_9_x86_64.whl", hash = "sha256:cbbe908fda687e39afd6ea2a2f14c2c3e43f2ca88e3a11964b297822358d0e6c"},
    {url = "https://pypi.tuna.tsinghua.edu.cn/packages/13/12/58a06670863b147f2b5bcd35ec16e55c2e811a67e926f62b4c04e6f52755/uvloop-0.17.0-cp311-cp311-macosx_10_9_x86_64.whl", hash = "sha256:6aafa5a78b9e62493539456f8b646f85abc7093dd997f4976bb105537cf2635e"},
    {url = "https://pypi.tuna.tsinghua.edu.cn/packages/14/58/333a56082bf25dee13cf9e8de5f408d107d75bf6145835ec6d6b2fd35980/uvloop-0.17.0-cp311-cp311-macosx_10_9_universal2.whl", hash = "sha256:3378eb62c63bf336ae2070599e49089005771cc651c8769aaad72d1bd9385a7c"},
    {url = "https://pypi.tuna.tsinghua.edu.cn/packages/20/9b/920b4b52028a84cc6031b4ce4bef1077d3475e6ce87969a0f0d220807307/uvloop-0.17.0-cp310-cp310-manylinux_2_17_x86_64.manylinux2014_x86_64.whl", hash = "sha256:ff3d00b70ce95adce264462c930fbaecb29718ba6563db354608f37e49e09024"},
    {url = "https://pypi.tuna.tsinghua.edu.cn/packages/2b/6f/ec3a30f0de00b8d240ab2128d50e4bf20b263065bc51eb0b4bbfaae6c87d/uvloop-0.17.0-cp311-cp311-manylinux_2_17_aarch64.manylinux2014_aarch64.whl", hash = "sha256:c686a47d57ca910a2572fddfe9912819880b8765e2f01dc0dd12a9bf8573e539"},
    {url = "https://pypi.tuna.tsinghua.edu.cn/packages/2c/08/c76bc0325b1a372e6780a169c1da56117591335a08ee19c09e3e6839a195/uvloop-0.17.0-cp39-cp39-macosx_10_9_universal2.whl", hash = "sha256:7d37dccc7ae63e61f7b96ee2e19c40f153ba6ce730d8ba4d3b4e9738c1dccc1b"},
    {url = "https://pypi.tuna.tsinghua.edu.cn/packages/2c/70/c4162951c8c3a4a8b19a62b2668517e16b4e74499e040c07c7d99dad5126/uvloop-0.17.0-cp38-cp38-musllinux_1_1_aarch64.whl", hash = "sha256:8887d675a64cfc59f4ecd34382e5b4f0ef4ae1da37ed665adba0c2badf0d6578"},
    {url = "https://pypi.tuna.tsinghua.edu.cn/packages/33/f5/94d267b8286fd9390a3276843300461edaa65431b428634056994b24b16a/uvloop-0.17.0-cp310-cp310-manylinux_2_17_aarch64.manylinux2014_aarch64.whl", hash = "sha256:0949caf774b9fcefc7c5756bacbbbd3fc4c05a6b7eebc7c7ad6f825b23998d6d"},
    {url = "https://pypi.tuna.tsinghua.edu.cn/packages/5b/68/08d63f6e426fdb18d718251de786e784254985f633bbd16685e0befb5b04/uvloop-0.17.0-cp38-cp38-musllinux_1_1_x86_64.whl", hash = "sha256:3db8de10ed684995a7f34a001f15b374c230f7655ae840964d51496e2f8a8474"},
    {url = "https://pypi.tuna.tsinghua.edu.cn/packages/5d/bc/c1ef0b1c8faa3960b22f5809ebfd1eaa009e441b28b697f8871c31fc51d7/uvloop-0.17.0-cp311-cp311-musllinux_1_1_x86_64.whl", hash = "sha256:6708f30db9117f115eadc4f125c2a10c1a50d711461699a0cbfaa45b9a78e376"},
    {url = "https://pypi.tuna.tsinghua.edu.cn/packages/7f/17/e300f183e5cbcc197eaa62c0c020072b778039297b0df896b6274a73a7da/uvloop-0.17.0-cp37-cp37m-manylinux_2_17_x86_64.manylinux2014_x86_64.whl", hash = "sha256:45cea33b208971e87a31c17622e4b440cac231766ec11e5d22c76fab3bf9df62"},
    {url = "https://pypi.tuna.tsinghua.edu.cn/packages/83/c0/9ade5760e31bc67fc30e74cf896cc72f7f8f8121b0ac64113c684571a22b/uvloop-0.17.0-cp310-cp310-musllinux_1_1_aarch64.whl", hash = "sha256:a5abddb3558d3f0a78949c750644a67be31e47936042d4f6c888dd6f3c95f4aa"},
    {url = "https://pypi.tuna.tsinghua.edu.cn/packages/88/0b/f795eeada85d2971b0718a45683e673ad2211ba8d68b166d1f917fc0b86f/uvloop-0.17.0-cp37-cp37m-musllinux_1_1_aarch64.whl", hash = "sha256:9b09e0f0ac29eee0451d71798878eae5a4e6a91aa275e114037b27f7db72702d"},
    {url = "https://pypi.tuna.tsinghua.edu.cn/packages/8a/ff/bb80345a3fc39b0ce1ad27e8906874337a29dfb77e6d1e26740439be4a93/uvloop-0.17.0-cp38-cp38-manylinux_2_17_aarch64.manylinux2014_aarch64.whl", hash = "sha256:3ebeeec6a6641d0adb2ea71dcfb76017602ee2bfd8213e3fcc18d8f699c5104f"},
    {url = "https://pypi.tuna.tsinghua.edu.cn/packages/8f/93/6e0ce46158943650c6f15c4acfb008d9314fe670a1376399cdea295bf71e/uvloop-0.17.0-cp38-cp38-macosx_10_9_universal2.whl", hash = "sha256:a4aee22ece20958888eedbad20e4dbb03c37533e010fb824161b4f05e641f738"},
    {url = "https://pypi.tuna.tsinghua.edu.cn/packages/90/75/e856169afc8c4676402a2c45ecb409f25e3dca4e17a5291bf6804006deba/uvloop-0.17.0-cp310-cp310-macosx_10_9_x86_64.whl", hash = "sha256:68532f4349fd3900b839f588972b3392ee56042e440dd5873dfbbcd2cc67617c"},
    {url = "https://pypi.tuna.tsinghua.edu.cn/packages/93/f8/5ba5eb1e005e2419d455d8d677211bf58ba500f204236e0b089c1a6067be/uvloop-0.17.0-cp37-cp37m-macosx_10_9_x86_64.whl", hash = "sha256:23609ca361a7fc587031429fa25ad2ed7242941adec948f9d10c045bfecab06b"},
    {url = "https://pypi.tuna.tsinghua.edu.cn/packages/97/ae/e60b67eca95e9bf8f3407996acc478a8df2a0cda4cce5c3d231a831d79ba/uvloop-0.17.0-cp39-cp39-musllinux_1_1_x86_64.whl", hash = "sha256:30babd84706115626ea78ea5dbc7dd8d0d01a2e9f9b306d24ca4ed5796c66ded"},
    {url = "https://pypi.tuna.tsinghua.edu.cn/packages/a9/17/e0a10e6b5a1ace1861ba496981fed35dd806c81fa18260e6e631f2713c3c/uvloop-0.17.0-cp311-cp311-musllinux_1_1_aarch64.whl", hash = "sha256:2a6149e1defac0faf505406259561bc14b034cdf1d4711a3ddcdfbaa8d825a05"},
    {url = "https://pypi.tuna.tsinghua.edu.cn/packages/ab/03/ed3a0d08c9d307e8babdbed7fc6c54b273602adb3fa41748b6c1785108b3/uvloop-0.17.0-cp39-cp39-manylinux_2_17_x86_64.manylinux2014_x86_64.whl", hash = "sha256:f1e507c9ee39c61bfddd79714e4f85900656db1aec4d40c6de55648e85c2799c"},
    {url = "https://pypi.tuna.tsinghua.edu.cn/packages/ad/14/f791682bc94a80b03431de5d753484ac1c8a5cc3b966fd21f053ad14d5c8/uvloop-0.17.0-cp310-cp310-macosx_10_9_universal2.whl", hash = "sha256:ce9f61938d7155f79d3cb2ffa663147d4a76d16e08f65e2c66b77bd41b356718"},
    {url = "https://pypi.tuna.tsinghua.edu.cn/packages/b1/0c/f08c6863c9e0a6823b69fbbc6753a3e4f47c3a48628ce6e8370bd39b76e7/uvloop-0.17.0-cp311-cp311-manylinux_2_17_x86_64.manylinux2014_x86_64.whl", hash = "sha256:864e1197139d651a76c81757db5eb199db8866e13acb0dfe96e6fc5d1cf45fc4"},
    {url = "https://pypi.tuna.tsinghua.edu.cn/packages/ba/86/6dda1760481abf244cbd3908b79a4520d757040ca9ec37a79fc0fd01e2a0/uvloop-0.17.0.tar.gz", hash = "sha256:0ddf6baf9cf11a1a22c71487f39f15b2cf78eb5bde7e5b45fbb99e8a9d91b9e1"},
    {url = "https://pypi.tuna.tsinghua.edu.cn/packages/c5/56/745a5e615edbec0e6062397782285fbb01c50bf659e2b22489bdd9f9318f/uvloop-0.17.0-cp38-cp38-macosx_10_9_x86_64.whl", hash = "sha256:307958f9fc5c8bb01fad752d1345168c0abc5d62c1b72a4a8c6c06f042b45b20"},
    {url = "https://pypi.tuna.tsinghua.edu.cn/packages/c6/b3/60fc0f21b58b86335e2435b2cd6a9d75cb79d99787f15663fae01406c8c5/uvloop-0.17.0-cp37-cp37m-manylinux_2_17_aarch64.manylinux2014_aarch64.whl", hash = "sha256:2deae0b0fb00a6af41fe60a675cec079615b01d68beb4cc7b722424406b126a8"},
    {url = "https://pypi.tuna.tsinghua.edu.cn/packages/d3/85/2fea43f570b32027dbf11426ea88aea9e4525f40f6e0b7017a74ab7d57ad/uvloop-0.17.0-cp39-cp39-manylinux_2_17_aarch64.manylinux2014_aarch64.whl", hash = "sha256:3d97672dc709fa4447ab83276f344a165075fd9f366a97b712bdd3fee05efae8"},
    {url = "https://pypi.tuna.tsinghua.edu.cn/packages/fa/28/8a3c2f067014018ba6647c39af64e3b45e5391cf85ba882fa824bda9dba3/uvloop-0.17.0-cp37-cp37m-musllinux_1_1_x86_64.whl", hash = "sha256:dbbaf9da2ee98ee2531e0c780455f2841e4675ff580ecf93fe5c48fe733b5667"},
    {url = "https://pypi.tuna.tsinghua.edu.cn/packages/fb/11/fef3cf9f2aa23a7daf84c39dbd66dcd562479ffc2c064496d0525adc4b43/uvloop-0.17.0-cp38-cp38-manylinux_2_17_x86_64.manylinux2014_x86_64.whl", hash = "sha256:1436c8673c1563422213ac6907789ecb2b070f5939b9cbff9ef7113f2b531595"},
]
